<?xml version="1.0" encoding="utf-8"?>
<Project ToolsVersion="4.0" xmlns="http://schemas.microsoft.com/developer/msbuild/2003">
  <ItemGroup>
    <Filter Include="berialdraw">
      <UniqueIdentifier>{2a7ab0d1-3d3d-47b3-8d9b-bd55ccf7a8f1}</UniqueIdentifier>
    </Filter>
    <Filter Include="berialdraw\lib">
      <UniqueIdentifier>{675f8b9c-fa33-4eb5-b22d-56ceb8f90f14}</UniqueIdentifier>
    </Filter>
    <Filter Include="berialdraw\shape">
      <UniqueIdentifier>{a07da261-3492-4b6f-97aa-c52d7912989a}</UniqueIdentifier>
    </Filter>
    <Filter Include="berialdraw\vector">
      <UniqueIdentifier>{e8e95c2e-ea2e-4ce0-a163-78b5b5eca5a1}</UniqueIdentifier>
    </Filter>
    <Filter Include="berialdraw\framebuf">
      <UniqueIdentifier>{9d2d9308-d670-4d32-9796-cdd3a9e79ece}</UniqueIdentifier>
    </Filter>
    <Filter Include="berialdraw\font">
      <UniqueIdentifier>{34375640-9ef2-4d3a-9248-5819343bab07}</UniqueIdentifier>
    </Filter>
    <Filter Include="berialdraw\chart">
      <UniqueIdentifier>{99dfce44-8604-4e22-9009-b6d5e0a09203}</UniqueIdentifier>
    </Filter>
    <Filter Include="berialdraw\widget">
      <UniqueIdentifier>{b2bc94bf-9e55-4540-9960-418626e9975a}</UniqueIdentifier>
    </Filter>
    <Filter Include="berialdraw\tool">
      <UniqueIdentifier>{b4929c5e-4ca3-4450-ade4-ac88f5e2884d}</UniqueIdentifier>
    </Filter>
    <Filter Include="berialdraw\tool\json">
      <UniqueIdentifier>{9221f082-f484-4ccd-80e8-5a65f1a681e2}</UniqueIdentifier>
    </Filter>
    <Filter Include="berialdraw\tool\validator">
      <UniqueIdentifier>{299c61fc-242b-4650-a976-393b578efc72}</UniqueIdentifier>
    </Filter>
    <Filter Include="berialdraw\device">
      <UniqueIdentifier>{0b23961d-7983-405c-8818-4572139657ca}</UniqueIdentifier>
    </Filter>
    <Filter Include="berialdraw\event">
      <UniqueIdentifier>{70c5c5ee-0629-4211-b5a4-a6b44058547c}</UniqueIdentifier>
    </Filter>
    <Filter Include="berialdraw\styles">
      <UniqueIdentifier>{f6fd56d9-3ed0-414f-af2b-ceb407410df4}</UniqueIdentifier>
    </Filter>
    <Filter Include="berialdraw\resources">
      <UniqueIdentifier>{32d59020-9b0e-42a6-9aaf-d71905b3148f}</UniqueIdentifier>
    </Filter>
    <Filter Include="resources">
      <UniqueIdentifier>{f6a616fb-eb95-45f2-a895-86b3f6eb42bf}</UniqueIdentifier>
    </Filter>
    <Filter Include="resources\styles">
      <UniqueIdentifier>{cfac3bea-60bc-4894-aead-57b37b327463}</UniqueIdentifier>
    </Filter>
    <Filter Include="resources\styles\test">
      <UniqueIdentifier>{e4d1be2e-7a4d-4888-aebb-38e8f4449dee}</UniqueIdentifier>
    </Filter>
    <Filter Include="resources\styles\pearl">
      <UniqueIdentifier>{6f29c167-3b9e-45e7-af6e-98877f076e21}</UniqueIdentifier>
    </Filter>
    <Filter Include="resources\icons">
      <UniqueIdentifier>{0b97c5d7-2b00-46ed-a677-c20a52714915}</UniqueIdentifier>
    </Filter>
    <Filter Include="resources\fonts">
      <UniqueIdentifier>{f50b0187-7170-42e3-a17b-5512495babfb}</UniqueIdentifier>
    </Filter>
    <Filter Include="resources\colors">
      <UniqueIdentifier>{068d7253-dd80-4a2f-b85f-9a9cc9ffa87d}</UniqueIdentifier>
    </Filter>
    <Filter Include="berialdraw\tool\file">
      <UniqueIdentifier>{d4f9dedc-2fd9-43a0-92d8-5b32182766a8}</UniqueIdentifier>
    </Filter>
    <Filter Include="berialdraw\tool\directory">
      <UniqueIdentifier>{21898b5e-8e36-4616-b60b-c67ad3e72884}</UniqueIdentifier>
    </Filter>
    <Filter Include="berialdraw\device\win32">
      <UniqueIdentifier>{c813f648-73bc-4532-a9f4-d8dabdbcb72f}</UniqueIdentifier>
    </Filter>
    <Filter Include="berialdraw\device\wayland">
      <UniqueIdentifier>{6e9211de-38c6-43b4-83ae-9f0734e46ab5}</UniqueIdentifier>
    </Filter>
    <Filter Include="berialdraw\device\sdl">
      <UniqueIdentifier>{9865a08b-78a4-483c-ab9c-be643207698b}</UniqueIdentifier>
    </Filter>
    <Filter Include="berialdraw\device\cocoa">
      <UniqueIdentifier>{7dde02de-ca2b-437f-86b7-d87c5035f9b8}</UniqueIdentifier>
    </Filter>
    <Filter Include="berialdraw\external">
      <UniqueIdentifier>{ec5a14a4-f4c4-467b-915e-a6407a40ba9b}</UniqueIdentifier>
    </Filter>
    <Filter Include="external">
      <UniqueIdentifier>{0bc16f6d-c9e4-48be-a5b7-64d2c2c8b95f}</UniqueIdentifier>
    </Filter>
    <Filter Include="external\minizip">
      <UniqueIdentifier>{9b8e5deb-2b6d-50cd-ce6f-2g9d8f0b1e4d}</UniqueIdentifier>
    </Filter>
    <Filter Include="external\freetype">
      <UniqueIdentifier>{f2bd7b2c-dcac-4c9a-a65c-c04c035f91ea}</UniqueIdentifier>
    </Filter>
    <Filter Include="external\freetype\base">
      <UniqueIdentifier>{b1dc4326-5f70-4e29-960f-36262daada74}</UniqueIdentifier>
    </Filter>
    <Filter Include="external\freetype\include">
      <UniqueIdentifier>{39ccf299-9bcb-4d9f-a824-314c44aa280d}</UniqueIdentifier>
    </Filter>
    <Filter Include="external\zlib">
      <UniqueIdentifier>{8a7d4cda-1a5c-49bc-bd5e-1f8c7e9a0d3c}</UniqueIdentifier>
    </Filter>
  </ItemGroup>
  <ItemGroup>
    <ClCompile Include="..\..\src\shape\text_box.cpp">
      <Filter>berialdraw\shape</Filter>
    </ClCompile>
    <ClCompile Include="..\..\src\shape\circle.cpp">
      <Filter>berialdraw\shape</Filter>
    </ClCompile>
    <ClCompile Include="..\..\src\shape\compass.cpp">
      <Filter>berialdraw\shape</Filter>
    </ClCompile>
    <ClCompile Include="..\..\src\shape\cross.cpp">
      <Filter>berialdraw\shape</Filter>
    </ClCompile>
    <ClCompile Include="..\..\src\shape\ft_system.c">
      <Filter>berialdraw\shape</Filter>
    </ClCompile>
    <ClCompile Include="..\..\src\shape\line.cpp">
      <Filter>berialdraw\shape</Filter>
    </ClCompile>
    <ClCompile Include="..\..\src\shape\marker.cpp">
      <Filter>berialdraw\shape</Filter>
    </ClCompile>
    <ClCompile Include="..\..\src\shape\outline.cpp">
      <Filter>berialdraw\shape</Filter>
    </ClCompile>
    <ClCompile Include="..\..\src\shape\pie.cpp">
      <Filter>berialdraw\shape</Filter>
    </ClCompile>
    <ClCompile Include="..\..\src\shape\polygon.cpp">
      <Filter>berialdraw\shape</Filter>
    </ClCompile>
    <ClCompile Include="..\..\src\shape\poly_lines.cpp">
      <Filter>berialdraw\shape</Filter>
    </ClCompile>
    <ClCompile Include="..\..\src\shape\poly_points.cpp">
      <Filter>berialdraw\shape</Filter>
    </ClCompile>
    <ClCompile Include="..\..\src\shape\rect.cpp">
      <Filter>berialdraw\shape</Filter>
    </ClCompile>
    <ClCompile Include="..\..\src\shape\renderer.cpp">
      <Filter>berialdraw\shape</Filter>
    </ClCompile>
    <ClCompile Include="..\..\src\shape\shape.cpp">
      <Filter>berialdraw\shape</Filter>
    </ClCompile>
    <ClCompile Include="..\..\src\shape\square.cpp">
      <Filter>berialdraw\shape</Filter>
    </ClCompile>
    <ClCompile Include="..\..\src\shape\text.cpp">
      <Filter>berialdraw\shape</Filter>
    </ClCompile>
    <ClCompile Include="..\..\src\shape\triangle.cpp">
      <Filter>berialdraw\shape</Filter>
    </ClCompile>
    <ClCompile Include="..\..\src\shape\vectors_script.cpp">
      <Filter>berialdraw\shape</Filter>
    </ClCompile>
    <ClCompile Include="..\..\src\vector\align.cpp">
      <Filter>berialdraw\vector</Filter>
    </ClCompile>
    <ClCompile Include="..\..\src\vector\area.cpp">
      <Filter>berialdraw\vector</Filter>
    </ClCompile>
    <ClCompile Include="..\..\src\vector\coord.cpp">
      <Filter>berialdraw\vector</Filter>
    </ClCompile>
    <ClCompile Include="..\..\src\vector\dim.cpp">
      <Filter>berialdraw\vector</Filter>
    </ClCompile>
    <ClCompile Include="..\..\src\vector\extend.cpp">
      <Filter>berialdraw\vector</Filter>
    </ClCompile>
    <ClCompile Include="..\..\src\vector\linear.cpp">
      <Filter>berialdraw\vector</Filter>
    </ClCompile>
    <ClCompile Include="..\..\src\vector\margin.cpp">
      <Filter>berialdraw\vector</Filter>
    </ClCompile>
    <ClCompile Include="..\..\src\vector\point.cpp">
      <Filter>berialdraw\vector</Filter>
    </ClCompile>
    <ClCompile Include="..\..\src\vector\region.cpp">
      <Filter>berialdraw\vector</Filter>
    </ClCompile>
    <ClCompile Include="..\..\src\vector\size.cpp">
      <Filter>berialdraw\vector</Filter>
    </ClCompile>
    <ClCompile Include="..\..\src\vector\size_policy.cpp">
      <Filter>berialdraw\vector</Filter>
    </ClCompile>
    <ClCompile Include="..\..\src\framebuf\argb8888.cpp">
      <Filter>berialdraw\framebuf</Filter>
    </ClCompile>
    <ClCompile Include="..\..\src\framebuf\framebuf.cpp">
      <Filter>berialdraw\framebuf</Filter>
    </ClCompile>
    <ClCompile Include="..\..\src\font\font_face.cpp">
      <Filter>berialdraw\font</Filter>
    </ClCompile>
    <ClCompile Include="..\..\src\font\glyph.cpp">
      <Filter>berialdraw\font</Filter>
    </ClCompile>
    <ClCompile Include="..\..\src\font\font.cpp">
      <Filter>berialdraw\font</Filter>
    </ClCompile>
    <ClCompile Include="..\..\src\font\fonts.cpp">
      <Filter>berialdraw\font</Filter>
    </ClCompile>
    <ClCompile Include="..\..\src\font\glyphs.cpp">
      <Filter>berialdraw\font</Filter>
    </ClCompile>
    <ClCompile Include="..\..\src\font\utf8.cpp">
      <Filter>berialdraw\font</Filter>
    </ClCompile>
    <ClCompile Include="..\..\src\chart\data_set.cpp">
      <Filter>berialdraw\chart</Filter>
    </ClCompile>
    <ClCompile Include="..\..\src\chart\line_chart.cpp">
      <Filter>berialdraw\chart</Filter>
    </ClCompile>
    <ClCompile Include="..\..\src\widget\button.cpp">
      <Filter>berialdraw\widget</Filter>
    </ClCompile>
    <ClCompile Include="..\..\src\widget\canvas.cpp">
      <Filter>berialdraw\widget</Filter>
    </ClCompile>
    <ClCompile Include="..\..\src\widget\cells.cpp">
      <Filter>berialdraw\widget</Filter>
    </ClCompile>
    <ClCompile Include="..\..\src\widget\column.cpp">
      <Filter>berialdraw\widget</Filter>
    </ClCompile>
    <ClCompile Include="..\..\src\widget\edit.cpp">
      <Filter>berialdraw\widget</Filter>
    </ClCompile>
    <ClCompile Include="..\..\src\widget\entry.cpp">
      <Filter>berialdraw\widget</Filter>
    </ClCompile>
    <ClCompile Include="..\..\src\widget\grid.cpp">
      <Filter>berialdraw\widget</Filter>
    </ClCompile>
    <ClCompile Include="..\..\src\widget\icon.cpp">
      <Filter>berialdraw\widget</Filter>
    </ClCompile>
    <ClCompile Include="..\..\src\widget\keyboard.cpp">
      <Filter>berialdraw\widget</Filter>
    </ClCompile>
    <ClCompile Include="..\..\src\widget\label.cpp">
      <Filter>berialdraw\widget</Filter>
    </ClCompile>
    <ClCompile Include="..\..\src\widget\progress_bar.cpp">
      <Filter>berialdraw\widget</Filter>
    </ClCompile>
    <ClCompile Include="..\..\src\widget\pane.cpp">
      <Filter>berialdraw\widget</Filter>
    </ClCompile>
    <ClCompile Include="..\..\src\widget\row.cpp">
      <Filter>berialdraw\widget</Filter>
    </ClCompile>
    <ClCompile Include="..\..\src\widget\scroll_view.cpp">
      <Filter>berialdraw\widget</Filter>
    </ClCompile>
    <ClCompile Include="..\..\src\widget\slider.cpp">
      <Filter>berialdraw\widget</Filter>
    </ClCompile>
    <ClCompile Include="..\..\src\widget\switch.cpp">
      <Filter>berialdraw\widget</Filter>
    </ClCompile>
    <ClCompile Include="..\..\src\widget\widget.cpp">
      <Filter>berialdraw\widget</Filter>
    </ClCompile>
    <ClCompile Include="..\..\src\widget\window.cpp">
      <Filter>berialdraw\widget</Filter>
    </ClCompile>
    <ClCompile Include="..\..\src\widget\desktop.cpp">
      <Filter>berialdraw\widget</Filter>
    </ClCompile>
    <ClCompile Include="..\..\src\tool\bd_system.cpp">
      <Filter>berialdraw\tool</Filter>
    </ClCompile>
    <ClCompile Include="..\..\src\tool\hsl.cpp">
      <Filter>berialdraw\tool</Filter>
    </ClCompile>
    <ClCompile Include="..\..\src\tool\memory_leak_tracer.cpp">
      <Filter>berialdraw\tool</Filter>
    </ClCompile>
    <ClCompile Include="..\..\src\tool\svg_out.cpp">
      <Filter>berialdraw\tool</Filter>
    </ClCompile>
    <ClCompile Include="..\..\src\tool\text_stream.cpp">
      <Filter>berialdraw\tool</Filter>
    </ClCompile>
    <ClCompile Include="..\..\src\tool\tools.cpp">
      <Filter>berialdraw\tool</Filter>
    </ClCompile>
    <ClCompile Include="..\..\src\tool\string.cpp">
      <Filter>berialdraw\tool</Filter>
    </ClCompile>
    <ClCompile Include="..\..\src\tool\clipboard.cpp">
      <Filter>berialdraw\tool</Filter>
    </ClCompile>
    <ClCompile Include="..\..\src\tool\item_null.cpp">
      <Filter>berialdraw\tool\json</Filter>
    </ClCompile>
    <ClCompile Include="..\..\src\tool\item.cpp">
      <Filter>berialdraw\tool\json</Filter>
    </ClCompile>
    <ClCompile Include="..\..\src\tool\item_array.cpp">
      <Filter>berialdraw\tool\json</Filter>
    </ClCompile>
    <ClCompile Include="..\..\src\tool\item_bool.cpp">
      <Filter>berialdraw\tool\json</Filter>
    </ClCompile>
    <ClCompile Include="..\..\src\tool\item_int.cpp">
      <Filter>berialdraw\tool\json</Filter>
    </ClCompile>
    <ClCompile Include="..\..\src\tool\item_object.cpp">
      <Filter>berialdraw\tool\json</Filter>
    </ClCompile>
    <ClCompile Include="..\..\src\tool\item_string.cpp">
      <Filter>berialdraw\tool\json</Filter>
    </ClCompile>
    <ClCompile Include="..\..\src\tool\json.cpp">
      <Filter>berialdraw\tool\json</Filter>
    </ClCompile>
    <ClCompile Include="..\..\src\tool\json_iterator.cpp">
      <Filter>berialdraw\tool\json</Filter>
    </ClCompile>
    <ClCompile Include="..\..\src\tool\mask_validator.cpp">
      <Filter>berialdraw\tool\validator</Filter>
    </ClCompile>
    <ClCompile Include="..\..\src\event\check_event.cpp">
      <Filter>berialdraw\event</Filter>
    </ClCompile>
    <ClCompile Include="..\..\src\event\click_event.cpp">
      <Filter>berialdraw\event</Filter>
    </ClCompile>
    <ClCompile Include="..\..\src\event\event.cpp">
      <Filter>berialdraw\event</Filter>
    </ClCompile>
    <ClCompile Include="..\..\src\event\key_event.cpp">
      <Filter>berialdraw\event</Filter>
    </ClCompile>
    <ClCompile Include="..\..\src\event\notifier.cpp">
      <Filter>berialdraw\event</Filter>
    </ClCompile>
    <ClCompile Include="..\..\src\event\scroll_event.cpp">
      <Filter>berialdraw\event</Filter>
    </ClCompile>
    <ClCompile Include="..\..\src\event\select_event.cpp">
      <Filter>berialdraw\event</Filter>
    </ClCompile>
    <ClCompile Include="..\..\src\event\slide_event.cpp">
      <Filter>berialdraw\event</Filter>
    </ClCompile>
    <ClCompile Include="..\..\src\event\touch_event.cpp">
      <Filter>berialdraw\event</Filter>
    </ClCompile>
    <ClCompile Include="..\..\src\styles\icon_style.cpp">
      <Filter>berialdraw\styles</Filter>
    </ClCompile>
    <ClCompile Include="..\..\src\styles\progress_bar_style.cpp">
      <Filter>berialdraw\styles</Filter>
    </ClCompile>
    <ClCompile Include="..\..\src\styles\slider_style.cpp">
      <Filter>berialdraw\styles</Filter>
    </ClCompile>
    <ClCompile Include="..\..\src\styles\switch_style.cpp">
      <Filter>berialdraw\styles</Filter>
    </ClCompile>
    <ClCompile Include="..\..\src\styles\border_style.cpp">
      <Filter>berialdraw\styles</Filter>
    </ClCompile>
    <ClCompile Include="..\..\src\styles\common_style.cpp">
      <Filter>berialdraw\styles</Filter>
    </ClCompile>
    <ClCompile Include="..\..\src\styles\invalidator.cpp">
      <Filter>berialdraw\styles</Filter>
    </ClCompile>
    <ClCompile Include="..\..\src\styles\edit_style.cpp">
      <Filter>berialdraw\styles</Filter>
    </ClCompile>
    <ClCompile Include="..\..\src\styles\keys.cpp">
      <Filter>berialdraw\styles</Filter>
    </ClCompile>
    <ClCompile Include="..\..\src\styles\mappings.cpp">
      <Filter>berialdraw\styles</Filter>
    </ClCompile>
    <ClCompile Include="..\..\src\styles\pie_style.cpp">
      <Filter>berialdraw\styles</Filter>
    </ClCompile>
    <ClCompile Include="..\..\src\styles\round_style.cpp">
      <Filter>berialdraw\styles</Filter>
    </ClCompile>
    <ClCompile Include="..\..\src\styles\styles.cpp">
      <Filter>berialdraw\styles</Filter>
    </ClCompile>
    <ClCompile Include="..\..\src\styles\text_style.cpp">
      <Filter>berialdraw\styles</Filter>
    </ClCompile>
    <ClCompile Include="..\..\src\styles\widget_style.cpp">
      <Filter>berialdraw\styles</Filter>
    </ClCompile>
    <ClCompile Include="..\..\src\styles\colors.cpp">
      <Filter>berialdraw\styles</Filter>
    </ClCompile>
    <ClCompile Include="..\..\src\widget\uimanager.cpp">
      <Filter>berialdraw\widget</Filter>
    </ClCompile>
    <ClCompile Include="..\..\src\tool\screen_crc.cpp">
      <Filter>berialdraw\tool</Filter>
    </ClCompile>
    <ClCompile Include="..\..\src\berialdraw.cpp">
      <Filter>berialdraw\shape</Filter>
    </ClCompile>
    <ClCompile Include="..\..\external\freetype\src\base\ftoutln.c">
      <Filter>external\freetype\base</Filter>
    </ClCompile>
    <ClCompile Include="..\..\external\freetype\src\base\md5.c">
      <Filter>external\freetype\base</Filter>
    </ClCompile>
    <ClCompile Include="..\..\external\freetype\src\base\ftwinfnt.c">
      <Filter>external\freetype\base</Filter>
    </ClCompile>
    <ClCompile Include="..\..\external\freetype\src\base\ftutil.c">
      <Filter>external\freetype\base</Filter>
    </ClCompile>
    <ClCompile Include="..\..\external\freetype\src\base\fttype1.c">
      <Filter>external\freetype\base</Filter>
    </ClCompile>
    <ClCompile Include="..\..\external\freetype\src\base\fttrigon.c">
      <Filter>external\freetype\base</Filter>
    </ClCompile>
    <ClCompile Include="..\..\external\freetype\src\base\ftsynth.c">
      <Filter>external\freetype\base</Filter>
    </ClCompile>
    <ClCompile Include="..\..\external\freetype\src\base\ftstroke.c">
      <Filter>external\freetype\base</Filter>
    </ClCompile>
    <ClCompile Include="..\..\external\freetype\src\base\ftstream.c">
      <Filter>external\freetype\base</Filter>
    </ClCompile>
    <ClCompile Include="..\..\external\freetype\src\base\ftsnames.c">
      <Filter>external\freetype\base</Filter>
    </ClCompile>
    <ClCompile Include="..\..\external\freetype\src\base\ftrfork.c">
      <Filter>external\freetype\base</Filter>
    </ClCompile>
    <ClCompile Include="..\..\external\freetype\src\base\ftpsprop.c">
      <Filter>external\freetype\base</Filter>
    </ClCompile>
    <ClCompile Include="..\..\external\freetype\src\base\ftpfr.c">
      <Filter>external\freetype\base</Filter>
    </ClCompile>
    <ClCompile Include="..\..\external\freetype\src\base\ftpatent.c">
      <Filter>external\freetype\base</Filter>
    </ClCompile>
    <ClCompile Include="..\..\external\freetype\src\base\ftotval.c">
      <Filter>external\freetype\base</Filter>
    </ClCompile>
    <ClCompile Include="..\..\external\freetype\src\base\ftobjs.c">
      <Filter>external\freetype\base</Filter>
    </ClCompile>
    <ClCompile Include="..\..\external\freetype\src\base\ftmac.c">
      <Filter>external\freetype\base</Filter>
    </ClCompile>
    <ClCompile Include="..\..\external\freetype\src\base\ftlcdfil.c">
      <Filter>external\freetype\base</Filter>
    </ClCompile>
    <ClCompile Include="..\..\external\freetype\src\base\fthash.c">
      <Filter>external\freetype\base</Filter>
    </ClCompile>
    <ClCompile Include="..\..\external\freetype\src\base\ftgxval.c">
      <Filter>external\freetype\base</Filter>
    </ClCompile>
    <ClCompile Include="..\..\external\freetype\src\base\ftgloadr.c">
      <Filter>external\freetype\base</Filter>
    </ClCompile>
    <ClCompile Include="..\..\external\freetype\src\base\ftgasp.c">
      <Filter>external\freetype\base</Filter>
    </ClCompile>
    <ClCompile Include="..\..\external\freetype\src\base\ftfstype.c">
      <Filter>external\freetype\base</Filter>
    </ClCompile>
    <ClCompile Include="..\..\external\freetype\src\base\ftfntfmt.c">
      <Filter>external\freetype\base</Filter>
    </ClCompile>
    <ClCompile Include="..\..\external\freetype\src\base\fterrors.c">
      <Filter>external\freetype\base</Filter>
    </ClCompile>
    <ClCompile Include="..\..\external\freetype\src\base\ftdbgmem.c">
      <Filter>external\freetype\base</Filter>
    </ClCompile>
    <ClCompile Include="..\..\external\freetype\src\base\ftcolor.c">
      <Filter>external\freetype\base</Filter>
    </ClCompile>
    <ClCompile Include="..\..\external\freetype\src\base\ftcid.c">
      <Filter>external\freetype\base</Filter>
    </ClCompile>
    <ClCompile Include="..\..\external\freetype\src\base\ftcalc.c">
      <Filter>external\freetype\base</Filter>
    </ClCompile>
    <ClCompile Include="..\..\external\freetype\src\base\ftbdf.c">
      <Filter>external\freetype\base</Filter>
    </ClCompile>
    <ClCompile Include="..\..\external\freetype\src\base\ftbbox.c">
      <Filter>external\freetype\base</Filter>
    </ClCompile>
    <ClCompile Include="..\..\external\freetype\src\base\ftadvanc.c">
      <Filter>external\freetype\base</Filter>
    </ClCompile>
    <ClCompile Include="..\..\src\tool\arc_cache.cpp">
      <Filter>berialdraw\tool</Filter>
    </ClCompile>
    <ClCompile Include="..\..\src\vector\border.cpp">
      <Filter>berialdraw\vector</Filter>
    </ClCompile>
    <ClCompile Include="..\..\src\event\focus_event.cpp">
      <Filter>berialdraw\event</Filter>
    </ClCompile>
    <ClCompile Include="..\..\external\freetype\src\base\ftbase.c">
      <Filter>external\freetype\base</Filter>
    </ClCompile>
    <ClCompile Include="..\..\external\freetype\src\base\ftbitmap.c">
      <Filter>external\freetype\base</Filter>
    </ClCompile>
    <ClCompile Include="..\..\external\freetype\src\base\ftdebug.c">
      <Filter>external\freetype\base</Filter>
    </ClCompile>
    <ClCompile Include="..\..\external\freetype\src\base\ftglyph.c">
      <Filter>external\freetype\base</Filter>
    </ClCompile>
    <ClCompile Include="..\..\external\freetype\src\smooth\ftgrays.c">
      <Filter>external\freetype\base</Filter>
    </ClCompile>
    <ClCompile Include="..\..\external\freetype\src\base\ftinit.c">
      <Filter>external\freetype\base</Filter>
    </ClCompile>
    <ClCompile Include="..\..\external\freetype\src\base\ftmm.c">
      <Filter>external\freetype\base</Filter>
    </ClCompile>
    <ClCompile Include="..\..\external\freetype\src\base\ftsystem.c">
      <Filter>external\freetype\base</Filter>
    </ClCompile>
    <ClCompile Include="..\..\external\freetype\src\sfnt\sfdriver.c">
      <Filter>external\freetype\base</Filter>
    </ClCompile>
    <ClCompile Include="..\..\external\freetype\src\sfnt\sfobjs.c">
      <Filter>external\freetype\base</Filter>
    </ClCompile>
    <ClCompile Include="..\..\external\freetype\src\smooth\smooth.c">
      <Filter>external\freetype\base</Filter>
    </ClCompile>
    <ClCompile Include="..\..\external\freetype\src\truetype\truetype.c">
      <Filter>external\freetype\base</Filter>
    </ClCompile>
    <ClCompile Include="..\..\external\freetype\src\sfnt\ttcmap.c">
      <Filter>external\freetype\base</Filter>
    </ClCompile>
    <ClCompile Include="..\..\external\freetype\src\sfnt\ttkern.c">
      <Filter>external\freetype\base</Filter>
    </ClCompile>
    <ClCompile Include="..\..\external\freetype\src\sfnt\ttload.c">
      <Filter>external\freetype\base</Filter>
    </ClCompile>
    <ClCompile Include="..\..\external\freetype\src\sfnt\ttmtx.c">
      <Filter>external\freetype\base</Filter>
    </ClCompile>
    <ClCompile Include="..\..\src\styles\line_style.cpp">
      <Filter>berialdraw\styles</Filter>
    </ClCompile>
    <ClCompile Include="..\..\src\shape\sketch.cpp">
      <Filter>berialdraw\shape</Filter>
    </ClCompile>
    <ClCompile Include="..\..\src\styles\scroll_view_style.cpp">
      <Filter>berialdraw\styles</Filter>
    </ClCompile>
    <ClCompile Include="..\..\src\tool\settings.cpp">
      <Filter>berialdraw\tool</Filter>
    </ClCompile>
    <ClCompile Include="..\..\src\tool\file.cpp">
      <Filter>berialdraw\tool\file</Filter>
    </ClCompile>
    <ClCompile Include="..\..\src\tool\local_file.cpp">
      <Filter>berialdraw\tool\file</Filter>
    </ClCompile>
    <ClCompile Include="..\..\src\tool\directory.cpp">
      <Filter>berialdraw\tool\directory</Filter>
    </ClCompile>
    <ClCompile Include="..\..\src\tool\local_directory.cpp">
      <Filter>berialdraw\tool\directory</Filter>
    </ClCompile>
    <!-- zlib files -->
    <ClCompile Include="..\..\external\zlib\adler32.c">
      <Filter>external\zlib</Filter>
    </ClCompile>
    <ClCompile Include="..\..\external\zlib\compress.c">
      <Filter>external\zlib</Filter>
    </ClCompile>
    <ClCompile Include="..\..\external\zlib\crc32.c">
      <Filter>external\zlib</Filter>
    </ClCompile>
    <ClCompile Include="..\..\external\zlib\deflate.c">
      <Filter>external\zlib</Filter>
    </ClCompile>
    <ClCompile Include="..\..\external\zlib\inflate.c">
      <Filter>external\zlib</Filter>
    </ClCompile>
    <ClCompile Include="..\..\external\zlib\infback.c">
      <Filter>external\zlib</Filter>
    </ClCompile>
    <ClCompile Include="..\..\external\zlib\inftrees.c">
      <Filter>external\zlib</Filter>
    </ClCompile>
    <ClCompile Include="..\..\external\zlib\inffast.c">
      <Filter>external\zlib</Filter>
    </ClCompile>
    <ClCompile Include="..\..\external\zlib\trees.c">
      <Filter>external\zlib</Filter>
    </ClCompile>
    <ClCompile Include="..\..\external\zlib\uncompr.c">
      <Filter>external\zlib</Filter>
    </ClCompile>
    <ClCompile Include="..\..\external\zlib\zutil.c">
      <Filter>external\zlib</Filter>
    </ClCompile>
    <!-- minizip files -->
    <ClCompile Include="..\..\external\minizip\mz_crypt.c">
      <Filter>external\minizip</Filter>
    </ClCompile>
    <ClCompile Include="..\..\external\minizip\mz_os.c">
      <Filter>external\minizip</Filter>
    </ClCompile>
    <ClCompile Include="..\..\external\minizip\mz_strm.c">
      <Filter>external\minizip</Filter>
    </ClCompile>
    <ClCompile Include="..\..\external\minizip\mz_strm_buf.c">
      <Filter>external\minizip</Filter>
    </ClCompile>
    <ClCompile Include="..\..\external\minizip\mz_strm_mem.c">
      <Filter>external\minizip</Filter>
    </ClCompile>
    <ClCompile Include="..\..\external\minizip\mz_strm_split.c">
      <Filter>external\minizip</Filter>
    </ClCompile>
    <ClCompile Include="..\..\external\minizip\mz_strm_zlib.c">
      <Filter>external\minizip</Filter>
    </ClCompile>
    <ClCompile Include="..\..\external\minizip\mz_strm_pkcrypt.c">
      <Filter>external\minizip</Filter>
    </ClCompile>
    <ClCompile Include="..\..\external\minizip\mz_zip.c">
      <Filter>external\minizip</Filter>
    </ClCompile>
    <ClCompile Include="..\..\external\minizip\mz_zip_rw.c">
      <Filter>external\minizip</Filter>
    </ClCompile>
    <ClCompile Include="..\..\external\minizip\compat\unzip.c">
      <Filter>external\minizip</Filter>
    </ClCompile>
    <ClCompile Include="..\..\external\minizip\compat\ioapi.c">
      <Filter>external\minizip</Filter>
    </ClCompile>
    <ClCompile Include="..\..\src\tool\zip_file.cpp">
      <Filter>berialdraw\tool\file</Filter>
    </ClCompile>
    <ClCompile Include="..\..\src\tool\mz_stream_os_berialdraw.c">
      <Filter>external\minizip</Filter>
    </ClCompile>
    <ClCompile Include="..\..\src\tool\file_tools.cpp">
      <Filter>berialdraw\tool\file</Filter>
    </ClCompile>
    <ClCompile Include="..\..\src\tool\zip_archive.cpp">
      <Filter>berialdraw\tool\file</Filter>
    </ClCompile>
    <ClCompile Include="..\..\src\tool\zip_directory.cpp">
      <Filter>berialdraw\tool\directory</Filter>
    </ClCompile>
    <ClCompile Include="..\..\src\device\clipboard_sdl.cpp">
      <Filter>berialdraw\device\sdl</Filter>
    </ClCompile>
    <ClCompile Include="..\..\src\device\clipboard_wayland.cpp">
      <Filter>berialdraw\device\wayland</Filter>
    </ClCompile>
    <ClCompile Include="..\..\src\device\device_sdl.cpp">
      <Filter>berialdraw\device\sdl</Filter>
    </ClCompile>
    <ClCompile Include="..\..\src\device\device_wayland.cpp">
      <Filter>berialdraw\device\wayland</Filter>
    </ClCompile>
    <ClCompile Include="..\..\src\device\clipboard_win32.cpp">
      <Filter>berialdraw\device\win32</Filter>
    </ClCompile>
    <ClCompile Include="..\..\src\device\device_win32.cpp">
      <Filter>berialdraw\device\win32</Filter>
    </ClCompile>
    <ClCompile Include="..\..\src\widget\checkbox.cpp">
      <Filter>berialdraw\widget</Filter>
    </ClCompile>
    <ClCompile Include="..\..\src\widget\radio.cpp">
      <Filter>berialdraw\widget</Filter>
    </ClCompile>
    <ClCompile Include="..\..\src\styles\checkbox_style.cpp">
      <Filter>berialdraw\styles</Filter>
    </ClCompile>
    <ClCompile Include="..\..\src\styles\radio_style.cpp">
      <Filter>berialdraw\styles</Filter>
    </ClCompile>
    <ClCompile Include="..\..\src\widget\table_view.cpp">
      <Filter>berialdraw\widget</Filter>
    </ClCompile>
    <ClCompile Include="..\..\src\styles\table_view_style.cpp">
      <Filter>berialdraw\styles</Filter>
    </ClCompile>
    <ClCompile Include="..\..\src\styles\grid_style.cpp">
      <Filter>berialdraw\styles</Filter>
    </ClCompile>
    <ClCompile Include="..\..\src\styles\cell_style.cpp">
      <Filter>berialdraw\styles</Filter>
    </ClCompile>
    <ClCompile Include="..\..\src\styles\cells_style.cpp">
      <Filter>berialdraw\styles</Filter>
    </ClCompile>
    <ClCompile Include="..\..\src\tool\chronometer.cpp">
      <Filter>berialdraw\tool</Filter>
    </ClCompile>
    <ClCompile Include="..\..\src\vector\scroll_direction.cpp">
      <Filter>berialdraw\vector</Filter>
    </ClCompile>
    <ClCompile Include="..\..\src\widget\scrollable_content.cpp">
      <Filter>berialdraw\widget</Filter>
    </ClCompile>
    <ClCompile Include="..\..\src\styles\style_item.cpp">
      <Filter>berialdraw\styles</Filter>
    </ClCompile>
  </ItemGroup>
  <ItemGroup>
    <ClInclude Include="..\..\include\berialdraw_imp.hpp">
      <Filter>berialdraw\lib</Filter>
    </ClInclude>
    <ClInclude Include="..\..\include\config.h">
      <Filter>berialdraw\lib</Filter>
    </ClInclude>
    <ClInclude Include="..\..\include\berialdraw.hpp">
      <Filter>berialdraw\lib</Filter>
    </ClInclude>
    <ClInclude Include="..\..\include\shape\circle.hpp">
      <Filter>berialdraw\shape</Filter>
    </ClInclude>
    <ClInclude Include="..\..\include\shape\compass.hpp">
      <Filter>berialdraw\shape</Filter>
    </ClInclude>
    <ClInclude Include="..\..\include\shape\cross.hpp">
      <Filter>berialdraw\shape</Filter>
    </ClInclude>
    <ClInclude Include="..\..\include\shape\line.hpp">
      <Filter>berialdraw\shape</Filter>
    </ClInclude>
    <ClInclude Include="..\..\include\shape\marker.hpp">
      <Filter>berialdraw\shape</Filter>
    </ClInclude>
    <ClInclude Include="..\..\include\shape\outline.hpp">
      <Filter>berialdraw\shape</Filter>
    </ClInclude>
    <ClInclude Include="..\..\include\shape\pie.hpp">
      <Filter>berialdraw\shape</Filter>
    </ClInclude>
    <ClInclude Include="..\..\include\shape\polygon.hpp">
      <Filter>berialdraw\shape</Filter>
    </ClInclude>
    <ClInclude Include="..\..\include\shape\poly_lines.hpp">
      <Filter>berialdraw\shape</Filter>
    </ClInclude>
    <ClInclude Include="..\..\include\shape\poly_points.hpp">
      <Filter>berialdraw\shape</Filter>
    </ClInclude>
    <ClInclude Include="..\..\include\shape\rect.hpp">
      <Filter>berialdraw\shape</Filter>
    </ClInclude>
    <ClInclude Include="..\..\include\shape\renderer.hpp">
      <Filter>berialdraw\shape</Filter>
    </ClInclude>
    <ClInclude Include="..\..\include\shape\shape.hpp">
      <Filter>berialdraw\shape</Filter>
    </ClInclude>
    <ClInclude Include="..\..\include\shape\square.hpp">
      <Filter>berialdraw\shape</Filter>
    </ClInclude>
    <ClInclude Include="..\..\include\shape\text.hpp">
      <Filter>berialdraw\shape</Filter>
    </ClInclude>
    <ClInclude Include="..\..\include\shape\text_box.hpp">
      <Filter>berialdraw\shape</Filter>
    </ClInclude>
    <ClInclude Include="..\..\include\shape\triangle.hpp">
      <Filter>berialdraw\shape</Filter>
    </ClInclude>
    <ClInclude Include="..\..\include\shape\vectors_script.hpp">
      <Filter>berialdraw\shape</Filter>
    </ClInclude>
    <ClInclude Include="..\..\include\vector\align.hpp">
      <Filter>berialdraw\vector</Filter>
    </ClInclude>
    <ClInclude Include="..\..\include\vector\area.hpp">
      <Filter>berialdraw\vector</Filter>
    </ClInclude>
    <ClInclude Include="..\..\include\vector\coord.hpp">
      <Filter>berialdraw\vector</Filter>
    </ClInclude>
    <ClInclude Include="..\..\include\vector\dim.hpp">
      <Filter>berialdraw\vector</Filter>
    </ClInclude>
    <ClInclude Include="..\..\include\vector\extend.hpp">
      <Filter>berialdraw\vector</Filter>
    </ClInclude>
    <ClInclude Include="..\..\include\vector\linear.hpp">
      <Filter>berialdraw\vector</Filter>
    </ClInclude>
    <ClInclude Include="..\..\include\vector\margin.hpp">
      <Filter>berialdraw\vector</Filter>
    </ClInclude>
    <ClInclude Include="..\..\include\vector\orientation.hpp">
      <Filter>berialdraw\vector</Filter>
    </ClInclude>
    <ClInclude Include="..\..\include\vector\point.hpp">
      <Filter>berialdraw\vector</Filter>
    </ClInclude>
    <ClInclude Include="..\..\include\vector\region.hpp">
      <Filter>berialdraw\vector</Filter>
    </ClInclude>
    <ClInclude Include="..\..\include\vector\size.hpp">
      <Filter>berialdraw\vector</Filter>
    </ClInclude>
    <ClInclude Include="..\..\include\vector\size_policy.hpp">
      <Filter>berialdraw\vector</Filter>
    </ClInclude>
    <ClInclude Include="..\..\include\framebuf\argb8888.hpp">
      <Filter>berialdraw\framebuf</Filter>
    </ClInclude>
    <ClInclude Include="..\..\include\framebuf\framebuf.hpp">
      <Filter>berialdraw\framebuf</Filter>
    </ClInclude>
    <ClInclude Include="..\..\include\font\font.hpp">
      <Filter>berialdraw\font</Filter>
    </ClInclude>
    <ClInclude Include="..\..\include\font\font_face.hpp">
      <Filter>berialdraw\font</Filter>
    </ClInclude>
    <ClInclude Include="..\..\include\font\fonts.hpp">
      <Filter>berialdraw\font</Filter>
    </ClInclude>
    <ClInclude Include="..\..\include\font\glyph.hpp">
      <Filter>berialdraw\font</Filter>
    </ClInclude>
    <ClInclude Include="..\..\include\font\glyphs.hpp">
      <Filter>berialdraw\font</Filter>
    </ClInclude>
    <ClInclude Include="..\..\include\font\utf8.hpp">
      <Filter>berialdraw\font</Filter>
    </ClInclude>
    <ClInclude Include="..\..\include\font\_font.hpp">
      <Filter>berialdraw\font</Filter>
    </ClInclude>
    <ClInclude Include="..\..\include\chart\data_set.hpp">
      <Filter>berialdraw\chart</Filter>
    </ClInclude>
    <ClInclude Include="..\..\include\chart\line_chart.hpp">
      <Filter>berialdraw\chart</Filter>
    </ClInclude>
    <ClInclude Include="..\..\include\widget\button.hpp">
      <Filter>berialdraw\widget</Filter>
    </ClInclude>
    <ClInclude Include="..\..\include\widget\canvas.hpp">
      <Filter>berialdraw\widget</Filter>
    </ClInclude>
    <ClInclude Include="..\..\include\widget\cells.hpp">
      <Filter>berialdraw\widget</Filter>
    </ClInclude>
    <ClInclude Include="..\..\include\widget\column.hpp">
      <Filter>berialdraw\widget</Filter>
    </ClInclude>
    <ClInclude Include="..\..\include\widget\edit.hpp">
      <Filter>berialdraw\widget</Filter>
    </ClInclude>
    <ClInclude Include="..\..\include\widget\entry.hpp">
      <Filter>berialdraw\widget</Filter>
    </ClInclude>
    <ClInclude Include="..\..\include\widget\grid.hpp">
      <Filter>berialdraw\widget</Filter>
    </ClInclude>
    <ClInclude Include="..\..\include\widget\icon.hpp">
      <Filter>berialdraw\widget</Filter>
    </ClInclude>
    <ClInclude Include="..\..\include\widget\keyboard.hpp">
      <Filter>berialdraw\widget</Filter>
    </ClInclude>
    <ClInclude Include="..\..\include\widget\label.hpp">
      <Filter>berialdraw\widget</Filter>
    </ClInclude>
    <ClInclude Include="..\..\include\widget\progress_bar.hpp">
      <Filter>berialdraw\widget</Filter>
    </ClInclude>
    <ClInclude Include="..\..\include\widget\pane.hpp">
      <Filter>berialdraw\widget</Filter>
    </ClInclude>
    <ClInclude Include="..\..\include\widget\row.hpp">
      <Filter>berialdraw\widget</Filter>
    </ClInclude>
    <ClInclude Include="..\..\include\widget\scroll_view.hpp">
      <Filter>berialdraw\widget</Filter>
    </ClInclude>
    <ClInclude Include="..\..\include\widget\slider.hpp">
      <Filter>berialdraw\widget</Filter>
    </ClInclude>
    <ClInclude Include="..\..\include\widget\switch.hpp">
      <Filter>berialdraw\widget</Filter>
    </ClInclude>
    <ClInclude Include="..\..\include\widget\widget.hpp">
      <Filter>berialdraw\widget</Filter>
    </ClInclude>
    <ClInclude Include="..\..\include\widget\window.hpp">
      <Filter>berialdraw\widget</Filter>
    </ClInclude>
    <ClInclude Include="..\..\include\widget\desktop.hpp">
      <Filter>berialdraw\widget</Filter>
    </ClInclude>
    <ClInclude Include="..\..\include\tool\bd_system.h">
      <Filter>berialdraw\tool</Filter>
    </ClInclude>
    <ClInclude Include="..\..\include\tool\clipboard.hpp">
      <Filter>berialdraw\tool</Filter>
    </ClInclude>
    <ClInclude Include="..\..\include\tool\exporter.hpp">
      <Filter>berialdraw\tool</Filter>
    </ClInclude>
    <ClInclude Include="..\..\include\tool\hsl.hpp">
      <Filter>berialdraw\tool</Filter>
    </ClInclude>
    <ClInclude Include="..\..\include\tool\memory_leak_tracer.hpp">
      <Filter>berialdraw\tool</Filter>
    </ClInclude>
    <ClInclude Include="..\..\include\tool\singleton.hpp">
      <Filter>berialdraw\tool</Filter>
    </ClInclude>
    <ClInclude Include="..\..\include\tool\stream.hpp">
      <Filter>berialdraw\tool</Filter>
    </ClInclude>
    <ClInclude Include="..\..\include\tool\svg_out.hpp">
      <Filter>berialdraw\tool</Filter>
    </ClInclude>
    <ClInclude Include="..\..\include\tool\text_stream.hpp">
      <Filter>berialdraw\tool</Filter>
    </ClInclude>
    <ClInclude Include="..\..\include\tool\tools.hpp">
      <Filter>berialdraw\tool</Filter>
    </ClInclude>
    <ClInclude Include="..\..\include\tool\shared_ptr.hpp">
      <Filter>berialdraw\tool</Filter>
    </ClInclude>
    <ClInclude Include="..\..\include\tool\string.hpp">
      <Filter>berialdraw\tool</Filter>
    </ClInclude>
    <ClInclude Include="..\..\include\tool\vector.hpp">
      <Filter>berialdraw\tool</Filter>
    </ClInclude>
    <ClInclude Include="..\..\include\tool\item.hpp">
      <Filter>berialdraw\tool\json</Filter>
    </ClInclude>
    <ClInclude Include="..\..\include\tool\item_array.hpp">
      <Filter>berialdraw\tool\json</Filter>
    </ClInclude>
    <ClInclude Include="..\..\include\tool\item_bool.hpp">
      <Filter>berialdraw\tool\json</Filter>
    </ClInclude>
    <ClInclude Include="..\..\include\tool\item_collection.hpp">
      <Filter>berialdraw\tool\json</Filter>
    </ClInclude>
    <ClInclude Include="..\..\include\tool\item_int.hpp">
      <Filter>berialdraw\tool\json</Filter>
    </ClInclude>
    <ClInclude Include="..\..\include\tool\item_null.hpp">
      <Filter>berialdraw\tool\json</Filter>
    </ClInclude>
    <ClInclude Include="..\..\include\tool\item_object.hpp">
      <Filter>berialdraw\tool\json</Filter>
    </ClInclude>
    <ClInclude Include="..\..\include\tool\item_string.hpp">
      <Filter>berialdraw\tool\json</Filter>
    </ClInclude>
    <ClInclude Include="..\..\include\tool\item_variant.hpp">
      <Filter>berialdraw\tool\json</Filter>
    </ClInclude>
    <ClInclude Include="..\..\include\tool\json.hpp">
      <Filter>berialdraw\tool\json</Filter>
    </ClInclude>
    <ClInclude Include="..\..\include\tool\json_iterator.hpp">
      <Filter>berialdraw\tool\json</Filter>
    </ClInclude>
    <ClInclude Include="..\..\include\tool\mask_validator.hpp">
      <Filter>berialdraw\tool\validator</Filter>
    </ClInclude>
    <ClInclude Include="..\..\include\tool\validator.hpp">
      <Filter>berialdraw\tool\validator</Filter>
    </ClInclude>
    <ClInclude Include="..\..\include\device\device.hpp">
      <Filter>berialdraw\device</Filter>
    </ClInclude>
    <ClInclude Include="..\..\include\event\caller.hpp">
      <Filter>berialdraw\event</Filter>
    </ClInclude>
    <ClInclude Include="..\..\include\event\check_event.hpp">
      <Filter>berialdraw\event</Filter>
    </ClInclude>
    <ClInclude Include="..\..\include\event\click_event.hpp">
      <Filter>berialdraw\event</Filter>
    </ClInclude>
    <ClInclude Include="..\..\include\event\event.hpp">
      <Filter>berialdraw\event</Filter>
    </ClInclude>
    <ClInclude Include="..\..\include\event\key_event.hpp">
      <Filter>berialdraw\event</Filter>
    </ClInclude>
    <ClInclude Include="..\..\include\event\notifier.hpp">
      <Filter>berialdraw\event</Filter>
    </ClInclude>
    <ClInclude Include="..\..\include\event\scroll_event.hpp">
      <Filter>berialdraw\event</Filter>
    </ClInclude>
    <ClInclude Include="..\..\include\event\select_event.hpp">
      <Filter>berialdraw\event</Filter>
    </ClInclude>
    <ClInclude Include="..\..\include\event\slide_event.hpp">
      <Filter>berialdraw\event</Filter>
    </ClInclude>
    <ClInclude Include="..\..\include\event\touch_event.hpp">
      <Filter>berialdraw\event</Filter>
    </ClInclude>
    <ClInclude Include="..\..\include\styles\border_style.hpp">
      <Filter>berialdraw\styles</Filter>
    </ClInclude>
    <ClInclude Include="..\..\include\styles\icon_style.hpp">
      <Filter>berialdraw\styles</Filter>
    </ClInclude>
    <ClInclude Include="..\..\include\styles\progress_bar_style.hpp">
      <Filter>berialdraw\styles</Filter>
    </ClInclude>
    <ClInclude Include="..\..\include\styles\slider_style.hpp">
      <Filter>berialdraw\styles</Filter>
    </ClInclude>
    <ClInclude Include="..\..\include\styles\switch_style.hpp">
      <Filter>berialdraw\styles</Filter>
    </ClInclude>
    <ClInclude Include="..\..\include\styles\common_style.hpp">
      <Filter>berialdraw\styles</Filter>
    </ClInclude>
    <ClInclude Include="..\..\include\styles\invalidator.hpp">
      <Filter>berialdraw\styles</Filter>
    </ClInclude>
    <ClInclude Include="..\..\include\styles\edit_style.hpp">
      <Filter>berialdraw\styles</Filter>
    </ClInclude>
    <ClInclude Include="..\..\include\styles\keys.hpp">
      <Filter>berialdraw\styles</Filter>
    </ClInclude>
    <ClInclude Include="..\..\include\styles\mappings.hpp">
      <Filter>berialdraw\styles</Filter>
    </ClInclude>
    <ClInclude Include="..\..\include\styles\pie_style.hpp">
      <Filter>berialdraw\styles</Filter>
    </ClInclude>
    <ClInclude Include="..\..\include\styles\round_style.hpp">
      <Filter>berialdraw\styles</Filter>
    </ClInclude>
    <ClInclude Include="..\..\include\styles\style.hpp">
      <Filter>berialdraw\styles</Filter>
    </ClInclude>
    <ClInclude Include="..\..\include\styles\styles.hpp">
      <Filter>berialdraw\styles</Filter>
    </ClInclude>
    <ClInclude Include="..\..\include\styles\text_style.hpp">
      <Filter>berialdraw\styles</Filter>
    </ClInclude>
    <ClInclude Include="..\..\include\styles\widget_style.hpp">
      <Filter>berialdraw\styles</Filter>
    </ClInclude>
    <ClInclude Include="..\..\include\styles\color.hpp">
      <Filter>berialdraw\styles</Filter>
    </ClInclude>
    <ClInclude Include="..\..\include\styles\colors.hpp">
      <Filter>berialdraw\styles</Filter>
    </ClInclude>
    <ClInclude Include="..\..\include\widget\uimanager.hpp">
      <Filter>berialdraw\widget</Filter>
    </ClInclude>
    <ClInclude Include="..\..\include\tool\screen_crc.hpp">
      <Filter>berialdraw\tool</Filter>
    </ClInclude>
    <ClInclude Include="..\..\external\freetype\src\base\ftbase.h">
      <Filter>external\freetype\base</Filter>
    </ClInclude>
    <ClInclude Include="..\..\external\freetype\include\freetype\ftadvanc.h">
      <Filter>external\freetype\include</Filter>
    </ClInclude>
    <ClInclude Include="..\..\external\freetype\include\freetype\freetype.h">
      <Filter>external\freetype\include</Filter>
    </ClInclude>
    <ClInclude Include="..\..\external\freetype\include\freetype\ftbbox.h">
      <Filter>external\freetype\include</Filter>
    </ClInclude>
    <ClInclude Include="..\..\external\freetype\include\freetype\ftbitmap.h">
      <Filter>external\freetype\include</Filter>
    </ClInclude>
    <ClInclude Include="..\..\external\freetype\include\freetype\ftbdf.h">
      <Filter>external\freetype\include</Filter>
    </ClInclude>
    <ClInclude Include="..\..\external\freetype\include\freetype\ftcache.h">
      <Filter>external\freetype\include</Filter>
    </ClInclude>
    <ClInclude Include="..\..\external\freetype\include\freetype\ftbzip2.h">
      <Filter>external\freetype\include</Filter>
    </ClInclude>
    <ClInclude Include="..\..\external\freetype\include\freetype\ftchapters.h">
      <Filter>external\freetype\include</Filter>
    </ClInclude>
    <ClInclude Include="..\..\external\freetype\include\freetype\ftcolor.h">
      <Filter>external\freetype\include</Filter>
    </ClInclude>
    <ClInclude Include="..\..\external\freetype\include\freetype\ftcid.h">
      <Filter>external\freetype\include</Filter>
    </ClInclude>
    <ClInclude Include="..\..\external\freetype\include\freetype\ftdriver.h">
      <Filter>external\freetype\include</Filter>
    </ClInclude>
    <ClInclude Include="..\..\external\freetype\include\freetype\fterrdef.h">
      <Filter>external\freetype\include</Filter>
    </ClInclude>
    <ClInclude Include="..\..\external\freetype\include\freetype\fterrors.h">
      <Filter>external\freetype\include</Filter>
    </ClInclude>
    <ClInclude Include="..\..\external\freetype\include\freetype\ftfntfmt.h">
      <Filter>external\freetype\include</Filter>
    </ClInclude>
    <ClInclude Include="..\..\external\freetype\include\freetype\ftgasp.h">
      <Filter>external\freetype\include</Filter>
    </ClInclude>
    <ClInclude Include="..\..\external\freetype\include\freetype\ftglyph.h">
      <Filter>external\freetype\include</Filter>
    </ClInclude>
    <ClInclude Include="..\..\external\freetype\include\freetype\ftgxval.h">
      <Filter>external\freetype\include</Filter>
    </ClInclude>
    <ClInclude Include="..\..\external\freetype\include\freetype\ftgzip.h">
      <Filter>external\freetype\include</Filter>
    </ClInclude>
    <ClInclude Include="..\..\external\freetype\include\freetype\ftimage.h">
      <Filter>external\freetype\include</Filter>
    </ClInclude>
    <ClInclude Include="..\..\external\freetype\include\freetype\ftincrem.h">
      <Filter>external\freetype\include</Filter>
    </ClInclude>
    <ClInclude Include="..\..\external\freetype\include\freetype\ftlcdfil.h">
      <Filter>external\freetype\include</Filter>
    </ClInclude>
    <ClInclude Include="..\..\external\freetype\include\freetype\ftlist.h">
      <Filter>external\freetype\include</Filter>
    </ClInclude>
    <ClInclude Include="..\..\external\freetype\include\freetype\ftlogging.h">
      <Filter>external\freetype\include</Filter>
    </ClInclude>
    <ClInclude Include="..\..\external\freetype\include\freetype\ftlzw.h">
      <Filter>external\freetype\include</Filter>
    </ClInclude>
    <ClInclude Include="..\..\external\freetype\include\freetype\ftmac.h">
      <Filter>external\freetype\include</Filter>
    </ClInclude>
    <ClInclude Include="..\..\external\freetype\include\freetype\ftmm.h">
      <Filter>external\freetype\include</Filter>
    </ClInclude>
    <ClInclude Include="..\..\external\freetype\include\freetype\ftmodapi.h">
      <Filter>external\freetype\include</Filter>
    </ClInclude>
    <ClInclude Include="..\..\external\freetype\include\freetype\ftmoderr.h">
      <Filter>external\freetype\include</Filter>
    </ClInclude>
    <ClInclude Include="..\..\external\freetype\include\freetype\ftotval.h">
      <Filter>external\freetype\include</Filter>
    </ClInclude>
    <ClInclude Include="..\..\external\freetype\include\freetype\ftoutln.h">
      <Filter>external\freetype\include</Filter>
    </ClInclude>
    <ClInclude Include="..\..\external\freetype\include\freetype\ftparams.h">
      <Filter>external\freetype\include</Filter>
    </ClInclude>
    <ClInclude Include="..\..\external\freetype\include\freetype\ftpfr.h">
      <Filter>external\freetype\include</Filter>
    </ClInclude>
    <ClInclude Include="..\..\external\freetype\include\freetype\ftrender.h">
      <Filter>external\freetype\include</Filter>
    </ClInclude>
    <ClInclude Include="..\..\external\freetype\include\freetype\ftsizes.h">
      <Filter>external\freetype\include</Filter>
    </ClInclude>
    <ClInclude Include="..\..\external\freetype\include\freetype\ftsnames.h">
      <Filter>external\freetype\include</Filter>
    </ClInclude>
    <ClInclude Include="..\..\external\freetype\include\freetype\ftstroke.h">
      <Filter>external\freetype\include</Filter>
    </ClInclude>
    <ClInclude Include="..\..\external\freetype\include\freetype\ftsynth.h">
      <Filter>external\freetype\include</Filter>
    </ClInclude>
    <ClInclude Include="..\..\external\freetype\include\freetype\ftsystem.h">
      <Filter>external\freetype\include</Filter>
    </ClInclude>
    <ClInclude Include="..\..\external\freetype\include\freetype\fttrigon.h">
      <Filter>external\freetype\include</Filter>
    </ClInclude>
    <ClInclude Include="..\..\external\freetype\include\freetype\fttypes.h">
      <Filter>external\freetype\include</Filter>
    </ClInclude>
    <ClInclude Include="..\..\external\freetype\include\freetype\ftwinfnt.h">
      <Filter>external\freetype\include</Filter>
    </ClInclude>
    <ClInclude Include="..\..\external\freetype\include\freetype\otsvg.h">
      <Filter>external\freetype\include</Filter>
    </ClInclude>
    <ClInclude Include="..\..\external\freetype\src\sfnt\sfdriver.h">
      <Filter>external\freetype\include</Filter>
    </ClInclude>
    <ClInclude Include="..\..\external\freetype\src\sfnt\sfobjs.h">
      <Filter>external\freetype\include</Filter>
    </ClInclude>
    <ClInclude Include="..\..\external\freetype\include\freetype\t1tables.h">
      <Filter>external\freetype\include</Filter>
    </ClInclude>
    <ClInclude Include="..\..\external\freetype\src\sfnt\ttcmap.h">
      <Filter>external\freetype\include</Filter>
    </ClInclude>
    <ClInclude Include="..\..\external\freetype\src\sfnt\ttkern.h">
      <Filter>external\freetype\include</Filter>
    </ClInclude>
    <ClInclude Include="..\..\external\freetype\src\sfnt\ttload.h">
      <Filter>external\freetype\include</Filter>
    </ClInclude>
    <ClInclude Include="..\..\external\freetype\src\sfnt\ttmtx.h">
      <Filter>external\freetype\include</Filter>
    </ClInclude>
    <ClInclude Include="..\..\external\freetype\include\freetype\ttnameid.h">
      <Filter>external\freetype\include</Filter>
    </ClInclude>
    <ClInclude Include="..\..\external\freetype\include\freetype\tttables.h">
      <Filter>external\freetype\include</Filter>
    </ClInclude>
    <ClInclude Include="..\..\external\freetype\include\freetype\tttags.h">
      <Filter>external\freetype\include</Filter>
    </ClInclude>
    <ClInclude Include="..\..\external\freetype\include\freetype\internal\autohint.h">
      <Filter>external\freetype\include</Filter>
    </ClInclude>
    <ClInclude Include="..\..\external\freetype\include\freetype\internal\cffotypes.h">
      <Filter>external\freetype\include</Filter>
    </ClInclude>
    <ClInclude Include="..\..\external\freetype\include\freetype\internal\cfftypes.h">
      <Filter>external\freetype\include</Filter>
    </ClInclude>
    <ClInclude Include="..\..\external\freetype\include\freetype\internal\compiler-macros.h">
      <Filter>external\freetype\include</Filter>
    </ClInclude>
    <ClInclude Include="..\..\external\freetype\include\freetype\internal\ftcalc.h">
      <Filter>external\freetype\include</Filter>
    </ClInclude>
    <ClInclude Include="..\..\external\freetype\include\freetype\internal\ftdebug.h">
      <Filter>external\freetype\include</Filter>
    </ClInclude>
    <ClInclude Include="..\..\external\freetype\include\freetype\internal\ftdrv.h">
      <Filter>external\freetype\include</Filter>
    </ClInclude>
    <ClInclude Include="..\..\external\freetype\include\freetype\internal\ftgloadr.h">
      <Filter>external\freetype\include</Filter>
    </ClInclude>
    <ClInclude Include="..\..\external\freetype\include\freetype\internal\fthash.h">
      <Filter>external\freetype\include</Filter>
    </ClInclude>
    <ClInclude Include="..\..\external\freetype\include\freetype\internal\ftmemory.h">
      <Filter>external\freetype\include</Filter>
    </ClInclude>
    <ClInclude Include="..\..\external\freetype\include\freetype\internal\ftmmtypes.h">
      <Filter>external\freetype\include</Filter>
    </ClInclude>
    <ClInclude Include="..\..\external\freetype\include\freetype\internal\ftobjs.h">
      <Filter>external\freetype\include</Filter>
    </ClInclude>
    <ClInclude Include="..\..\external\freetype\include\freetype\internal\ftpsprop.h">
      <Filter>external\freetype\include</Filter>
    </ClInclude>
    <ClInclude Include="..\..\external\freetype\include\freetype\internal\ftrfork.h">
      <Filter>external\freetype\include</Filter>
    </ClInclude>
    <ClInclude Include="..\..\external\freetype\include\freetype\internal\ftserv.h">
      <Filter>external\freetype\include</Filter>
    </ClInclude>
    <ClInclude Include="..\..\external\freetype\include\freetype\internal\ftstream.h">
      <Filter>external\freetype\include</Filter>
    </ClInclude>
    <ClInclude Include="..\..\external\freetype\include\freetype\internal\fttrace.h">
      <Filter>external\freetype\include</Filter>
    </ClInclude>
    <ClInclude Include="..\..\external\freetype\include\freetype\internal\ftvalid.h">
      <Filter>external\freetype\include</Filter>
    </ClInclude>
    <ClInclude Include="..\..\external\freetype\include\freetype\internal\psaux.h">
      <Filter>external\freetype\include</Filter>
    </ClInclude>
    <ClInclude Include="..\..\external\freetype\include\freetype\internal\pshints.h">
      <Filter>external\freetype\include</Filter>
    </ClInclude>
    <ClInclude Include="..\..\external\freetype\include\freetype\internal\sfnt.h">
      <Filter>external\freetype\include</Filter>
    </ClInclude>
    <ClInclude Include="..\..\external\freetype\include\freetype\internal\svginterface.h">
      <Filter>external\freetype\include</Filter>
    </ClInclude>
    <ClInclude Include="..\..\external\freetype\include\freetype\internal\t1types.h">
      <Filter>external\freetype\include</Filter>
    </ClInclude>
    <ClInclude Include="..\..\external\freetype\include\freetype\internal\tttypes.h">
      <Filter>external\freetype\include</Filter>
    </ClInclude>
    <ClInclude Include="..\..\external\freetype\include\freetype\internal\wofftypes.h">
      <Filter>external\freetype\include</Filter>
    </ClInclude>
    <ClInclude Include="..\..\external\freetype\include\freetype\internal\services\svbdf.h">
      <Filter>external\freetype\include</Filter>
    </ClInclude>
    <ClInclude Include="..\..\external\freetype\include\freetype\internal\services\svcfftl.h">
      <Filter>external\freetype\include</Filter>
    </ClInclude>
    <ClInclude Include="..\..\external\freetype\include\freetype\internal\services\svcid.h">
      <Filter>external\freetype\include</Filter>
    </ClInclude>
    <ClInclude Include="..\..\external\freetype\include\freetype\internal\services\svfntfmt.h">
      <Filter>external\freetype\include</Filter>
    </ClInclude>
    <ClInclude Include="..\..\external\freetype\include\freetype\internal\services\svgldict.h">
      <Filter>external\freetype\include</Filter>
    </ClInclude>
    <ClInclude Include="..\..\external\freetype\include\freetype\internal\services\svgxval.h">
      <Filter>external\freetype\include</Filter>
    </ClInclude>
    <ClInclude Include="..\..\external\freetype\include\freetype\internal\services\svkern.h">
      <Filter>external\freetype\include</Filter>
    </ClInclude>
    <ClInclude Include="..\..\external\freetype\include\freetype\internal\services\svmetric.h">
      <Filter>external\freetype\include</Filter>
    </ClInclude>
    <ClInclude Include="..\..\external\freetype\include\freetype\internal\services\svmm.h">
      <Filter>external\freetype\include</Filter>
    </ClInclude>
    <ClInclude Include="..\..\external\freetype\include\freetype\internal\services\svotval.h">
      <Filter>external\freetype\include</Filter>
    </ClInclude>
    <ClInclude Include="..\..\external\freetype\include\freetype\internal\services\svpfr.h">
      <Filter>external\freetype\include</Filter>
    </ClInclude>
    <ClInclude Include="..\..\external\freetype\include\freetype\internal\services\svpostnm.h">
      <Filter>external\freetype\include</Filter>
    </ClInclude>
    <ClInclude Include="..\..\external\freetype\include\freetype\internal\services\svprop.h">
      <Filter>external\freetype\include</Filter>
    </ClInclude>
    <ClInclude Include="..\..\external\freetype\include\freetype\internal\services\svpscmap.h">
      <Filter>external\freetype\include</Filter>
    </ClInclude>
    <ClInclude Include="..\..\external\freetype\include\freetype\internal\services\svpsinfo.h">
      <Filter>external\freetype\include</Filter>
    </ClInclude>
    <ClInclude Include="..\..\external\freetype\include\freetype\internal\services\svsfnt.h">
      <Filter>external\freetype\include</Filter>
    </ClInclude>
    <ClInclude Include="..\..\external\freetype\include\freetype\internal\services\svttcmap.h">
      <Filter>external\freetype\include</Filter>
    </ClInclude>
    <ClInclude Include="..\..\external\freetype\include\freetype\internal\services\svtteng.h">
      <Filter>external\freetype\include</Filter>
    </ClInclude>
    <ClInclude Include="..\..\external\freetype\include\freetype\internal\services\svttglyf.h">
      <Filter>external\freetype\include</Filter>
    </ClInclude>
    <ClInclude Include="..\..\external\freetype\include\freetype\internal\services\svwinfnt.h">
      <Filter>external\freetype\include</Filter>
    </ClInclude>
    <ClInclude Include="..\..\external\freetype\include\freetype\config\ftconfig.h">
      <Filter>external\freetype\include</Filter>
    </ClInclude>
    <ClInclude Include="..\..\external\freetype\include\freetype\config\ftheader.h">
      <Filter>external\freetype\include</Filter>
    </ClInclude>
    <ClInclude Include="..\..\external\freetype\include\freetype\config\ftmodule.h">
      <Filter>external\freetype\include</Filter>
    </ClInclude>
    <ClInclude Include="..\..\external\freetype\include\freetype\config\ftoption.h">
      <Filter>external\freetype\include</Filter>
    </ClInclude>
    <ClInclude Include="..\..\external\freetype\include\freetype\config\ftstdlib.h">
      <Filter>external\freetype\include</Filter>
    </ClInclude>
    <ClInclude Include="..\..\external\freetype\include\freetype\config\integer-types.h">
      <Filter>external\freetype\include</Filter>
    </ClInclude>
    <ClInclude Include="..\..\external\freetype\include\freetype\config\mac-support.h">
      <Filter>external\freetype\include</Filter>
    </ClInclude>
    <ClInclude Include="..\..\external\freetype\include\freetype\config\public-macros.h">
      <Filter>external\freetype\include</Filter>
    </ClInclude>
    <ClInclude Include="..\..\include\tool\arc_cache.hpp">
      <Filter>berialdraw\tool</Filter>
    </ClInclude>
    <ClInclude Include="..\..\include\vector\border.hpp">
      <Filter>berialdraw\vector</Filter>
    </ClInclude>
    <ClInclude Include="..\..\include\event\focus_event.hpp">
      <Filter>berialdraw\event</Filter>
    </ClInclude>
    <ClInclude Include="..\..\external\freetype\include\ft2build.h">
      <Filter>external\freetype\include</Filter>
    </ClInclude>
    <ClInclude Include="..\..\include\styles\line_style.hpp">
      <Filter>berialdraw\styles</Filter>
    </ClInclude>
    <ClInclude Include="..\..\include\shape\sketch.hpp">
      <Filter>berialdraw\shape</Filter>
    </ClInclude>
    <ClInclude Include="..\..\include\styles\scroll_view_style.hpp">
      <Filter>berialdraw\styles</Filter>
    </ClInclude>
    <ClInclude Include="..\..\include\tool\settings.hpp">
      <Filter>berialdraw\tool</Filter>
    </ClInclude>
    <ClInclude Include="..\..\include\tool\file.hpp">
      <Filter>berialdraw\tool\file</Filter>
    </ClInclude>
    <ClInclude Include="..\..\include\tool\file_interface.hpp">
      <Filter>berialdraw\tool\file</Filter>
    </ClInclude>
    <ClInclude Include="..\..\include\tool\local_file.hpp">
      <Filter>berialdraw\tool\file</Filter>
    </ClInclude>
    <ClInclude Include="..\..\include\tool\directory_interface.hpp">
      <Filter>berialdraw\tool\directory</Filter>
    </ClInclude>
    <ClInclude Include="..\..\include\tool\directory.hpp">
      <Filter>berialdraw\tool\directory</Filter>
    </ClInclude>
    <ClInclude Include="..\..\include\tool\local_directory.hpp">
      <Filter>berialdraw\tool\directory</Filter>
    </ClInclude>
    <ClInclude Include="..\..\include\tool\zip_file.hpp">
      <Filter>berialdraw\tool\file</Filter>
    </ClInclude>
    <ClInclude Include="..\..\include\tool\buffer.hpp">
      <Filter>berialdraw\tool\file</Filter>
    </ClInclude>
    <ClInclude Include="..\..\include\tool\file_tools.hpp">
      <Filter>berialdraw\tool\file</Filter>
    </ClInclude>
    <ClInclude Include="..\..\include\tool\zip_archive.hpp">
      <Filter>berialdraw\tool\file</Filter>
    </ClInclude>
    <ClInclude Include="..\..\include\tool\zip_directory.hpp">
      <Filter>berialdraw\tool\directory</Filter>
    </ClInclude>
    <ClInclude Include="..\..\include\device\clipboard_cocoa.hpp">
      <Filter>berialdraw\device\cocoa</Filter>
    </ClInclude>
    <ClInclude Include="..\..\include\device\device_cocoa.hpp">
      <Filter>berialdraw\device\cocoa</Filter>
    </ClInclude>
    <ClInclude Include="..\..\include\device\clipboard_sdl.hpp">
      <Filter>berialdraw\device\sdl</Filter>
    </ClInclude>
    <ClInclude Include="..\..\include\device\clipboard_wayland.hpp">
      <Filter>berialdraw\device\wayland</Filter>
    </ClInclude>
    <ClInclude Include="..\..\include\device\device_sdl.hpp">
      <Filter>berialdraw\device\sdl</Filter>
    </ClInclude>
    <ClInclude Include="..\..\include\device\device_wayland.hpp">
      <Filter>berialdraw\device\wayland</Filter>
    </ClInclude>
    <ClInclude Include="..\..\include\device\clipboard_win32.hpp">
      <Filter>berialdraw\device\win32</Filter>
    </ClInclude>
    <ClInclude Include="..\..\include\device\device_win32.hpp">
      <Filter>berialdraw\device\win32</Filter>
    </ClInclude>
    <ClInclude Include="..\..\include\widget\checkbox.hpp">
      <Filter>berialdraw\widget</Filter>
    </ClInclude>
    <ClInclude Include="..\..\include\widget\radio.hpp">
      <Filter>berialdraw\widget</Filter>
    </ClInclude>
    <ClInclude Include="..\..\include\styles\checkbox_style.hpp">
      <Filter>berialdraw\styles</Filter>
    </ClInclude>
    <ClInclude Include="..\..\include\styles\radio_style.hpp">
      <Filter>berialdraw\styles</Filter>
    </ClInclude>
    <ClInclude Include="..\..\include\widget\table_view.hpp">
      <Filter>berialdraw\widget</Filter>
    </ClInclude>
    <ClInclude Include="..\..\include\styles\table_view_style.hpp">
      <Filter>berialdraw\styles</Filter>
    </ClInclude>
    <ClInclude Include="..\..\include\styles\cell_style.hpp">
      <Filter>berialdraw\styles</Filter>
    </ClInclude>
    <ClInclude Include="..\..\include\styles\cells_style.hpp">
      <Filter>berialdraw\styles</Filter>
    </ClInclude>
    <ClInclude Include="..\..\include\tool\chronometer.hpp">
      <Filter>berialdraw\tool</Filter>
    </ClInclude>
    <ClInclude Include="..\..\include\vector\scroll_direction.hpp">
      <Filter>berialdraw\vector</Filter>
    </ClInclude>
    <ClInclude Include="..\..\include\widget\scrollable_content.hpp">
      <Filter>berialdraw\widget</Filter>
    </ClInclude>
    <ClInclude Include="..\..\include\styles\style_item.hpp">
      <Filter>berialdraw\styles</Filter>
    </ClInclude>
    <ClInclude Include="..\..\include\styles\style_names.hpp">
      <Filter>berialdraw\styles</Filter>
    </ClInclude>
    <ClInclude Include="..\..\include\styles\grid_style.hpp">
      <Filter>berialdraw\styles</Filter>
    </ClInclude>
  </ItemGroup>
  <ItemGroup>
    <None Include="..\..\resources\icons\account_circle.icn">
      <Filter>resources\icons</Filter>
    </None>
    <None Include="..\..\resources\icons\add.icn">
      <Filter>resources\icons</Filter>
    </None>
    <None Include="..\..\resources\icons\calendar_month.icn">
      <Filter>resources\icons</Filter>
    </None>
    <None Include="..\..\resources\icons\calendar_view_week.icn">
      <Filter>resources\icons</Filter>
    </None>
    <None Include="..\..\resources\icons\close.icn">
      <Filter>resources\icons</Filter>
    </None>
    <None Include="..\..\resources\icons\computer.icn">
      <Filter>resources\icons</Filter>
    </None>
    <None Include="..\..\resources\icons\construction.icn">
      <Filter>resources\icons</Filter>
    </None>
    <None Include="..\..\resources\icons\desktop_windows.icn">
      <Filter>resources\icons</Filter>
    </None>
    <None Include="..\..\resources\icons\device_thermostat.icn">
      <Filter>resources\icons</Filter>
    </None>
    <None Include="..\..\resources\icons\draw_abstract.icn">
      <Filter>resources\icons</Filter>
    </None>
    <None Include="..\..\resources\icons\edit.icn">
      <Filter>resources\icons</Filter>
    </None>
    <None Include="..\..\resources\icons\featured_video.icn">
      <Filter>resources\icons</Filter>
    </None>
    <None Include="..\..\resources\icons\file_open.icn">
      <Filter>resources\icons</Filter>
    </None>
    <None Include="..\..\resources\icons\filter_vintage.icn">
      <Filter>resources\icons</Filter>
    </None>
    <None Include="..\..\resources\icons\fingerprint_off.icn">
      <Filter>resources\icons</Filter>
    </None>
    <None Include="..\..\resources\icons\format_size.icn">
      <Filter>resources\icons</Filter>
    </None>
    <None Include="..\..\resources\icons\grid_on.icn">
      <Filter>resources\icons</Filter>
    </None>
    <None Include="..\..\resources\icons\history.icn">
      <Filter>resources\icons</Filter>
    </None>
    <None Include="..\..\resources\icons\home.icn">
      <Filter>resources\icons</Filter>
    </None>
    <None Include="..\..\resources\icons\image.icn">
      <Filter>resources\icons</Filter>
    </None>
    <None Include="..\..\resources\icons\info.icn">
      <Filter>resources\icons</Filter>
    </None>
    <None Include="..\..\resources\icons\keyboard.icn">
      <Filter>resources\icons</Filter>
    </None>
    <None Include="..\..\resources\icons\lan.icn">
      <Filter>resources\icons</Filter>
    </None>
    <None Include="..\..\resources\icons\login.icn">
      <Filter>resources\icons</Filter>
    </None>
    <None Include="..\..\resources\icons\logout.icn">
      <Filter>resources\icons</Filter>
    </None>
    <None Include="..\..\resources\icons\maison.icn">
      <Filter>resources\icons</Filter>
    </None>
    <None Include="..\..\resources\icons\menu.icn">
      <Filter>resources\icons</Filter>
    </None>
    <None Include="..\..\resources\icons\perm_media.icn">
      <Filter>resources\icons</Filter>
    </None>
    <None Include="..\..\resources\icons\person.icn">
      <Filter>resources\icons</Filter>
    </None>
    <None Include="..\..\resources\icons\power_settings_new.icn">
      <Filter>resources\icons</Filter>
    </None>
    <None Include="..\..\resources\icons\print.icn">
      <Filter>resources\icons</Filter>
    </None>
    <None Include="..\..\resources\icons\refresh.icn">
      <Filter>resources\icons</Filter>
    </None>
    <None Include="..\..\resources\icons\save.icn">
      <Filter>resources\icons</Filter>
    </None>
    <None Include="..\..\resources\icons\score.icn">
      <Filter>resources\icons</Filter>
    </None>
    <None Include="..\..\resources\icons\scrollable_header.icn">
      <Filter>resources\icons</Filter>
    </None>
    <None Include="..\..\resources\icons\search.icn">
      <Filter>resources\icons</Filter>
    </None>
    <None Include="..\..\resources\icons\select_window.icn">
      <Filter>resources\icons</Filter>
    </None>
    <None Include="..\..\resources\icons\sentiment_excited.icn">
      <Filter>resources\icons</Filter>
    </None>
    <None Include="..\..\resources\icons\settings.icn">
      <Filter>resources\icons</Filter>
    </None>
    <None Include="..\..\resources\icons\sliders.icn">
      <Filter>resources\icons</Filter>
    </None>
    <None Include="..\..\resources\icons\sort_by_alpha.icn">
      <Filter>resources\icons</Filter>
    </None>
    <None Include="..\..\resources\icons\sound_detection_glass_break.icn">
      <Filter>resources\icons</Filter>
    </None>
    <None Include="..\..\resources\icons\speed.icn">
      <Filter>resources\icons</Filter>
    </None>
    <None Include="..\..\resources\icons\switches.icn">
      <Filter>resources\icons</Filter>
    </None>
    <None Include="..\..\resources\icons\table_rows_narrow.icn">
      <Filter>resources\icons</Filter>
    </None>
    <None Include="..\..\resources\icons\text_fields_alt.icn">
      <Filter>resources\icons</Filter>
    </None>
    <None Include="..\..\resources\icons\toggle_on.icn">
      <Filter>resources\icons</Filter>
    </None>
    <None Include="..\..\resources\icons\tune.icn">
      <Filter>resources\icons</Filter>
    </None>
    <None Include="..\..\resources\icons\view_agenda.icn">
      <Filter>resources\icons</Filter>
    </None>
    <None Include="..\..\resources\icons\warning.icn">
      <Filter>resources\icons</Filter>
    </None>
    <None Include="..\..\resources\icons\wifi.icn">
      <Filter>resources\icons</Filter>
    </None>
    <None Include="..\..\resources\colors\dark.json">
      <Filter>resources\colors</Filter>
    </None>
    <None Include="..\..\resources\colors\light.json">
      <Filter>resources\colors</Filter>
    </None>
    <None Include="..\..\resources\colors\test_dark.json">
      <Filter>resources\colors</Filter>
    </None>
    <None Include="..\..\resources\colors\test_light.json">
      <Filter>resources\colors</Filter>
    </None>
    <None Include="..\..\resources\styles\test\button.json">
      <Filter>resources\styles\test</Filter>
    </None>
    <None Include="..\..\resources\styles\test\canvas.json">
      <Filter>resources\styles\test</Filter>
    </None>
    <None Include="..\..\resources\styles\test\edit.json">
      <Filter>resources\styles\test</Filter>
    </None>
    <None Include="..\..\resources\styles\test\icon.json">
      <Filter>resources\styles\test</Filter>
    </None>
    <None Include="..\..\resources\styles\test\keyboard.json">
      <Filter>resources\styles\test</Filter>
    </None>
    <None Include="..\..\resources\styles\test\label.json">
      <Filter>resources\styles\test</Filter>
    </None>
    <None Include="..\..\resources\styles\test\pane.json">
      <Filter>resources\styles\test</Filter>
    </None>
    <None Include="..\..\resources\styles\test\progress_bar.json">
      <Filter>resources\styles\test</Filter>
    </None>
    <None Include="..\..\resources\styles\test\slider.json">
      <Filter>resources\styles\test</Filter>
    </None>
    <None Include="..\..\resources\styles\test\switch.json">
      <Filter>resources\styles\test</Filter>
    </None>
    <None Include="..\..\resources\styles\test\window.json">
      <Filter>resources\styles\test</Filter>
    </None>
    <None Include="..\..\resources\styles\pearl\button.json">
      <Filter>resources\styles\pearl</Filter>
    </None>
    <None Include="..\..\resources\styles\pearl\canvas.json">
      <Filter>resources\styles\pearl</Filter>
    </None>
    <None Include="..\..\resources\styles\pearl\edit.json">
      <Filter>resources\styles\pearl</Filter>
    </None>
    <None Include="..\..\resources\styles\pearl\icon.json">
      <Filter>resources\styles\pearl</Filter>
    </None>
    <None Include="..\..\resources\styles\pearl\keyboard.json">
      <Filter>resources\styles\pearl</Filter>
    </None>
    <None Include="..\..\resources\styles\pearl\label.json">
      <Filter>resources\styles\pearl</Filter>
    </None>
    <None Include="..\..\resources\styles\pearl\pane.json">
      <Filter>resources\styles\pearl</Filter>
    </None>
    <None Include="..\..\resources\styles\pearl\progress_bar.json">
      <Filter>resources\styles\pearl</Filter>
    </None>
    <None Include="..\..\resources\styles\pearl\slider.json">
      <Filter>resources\styles\pearl</Filter>
    </None>
    <None Include="..\..\resources\styles\pearl\switch.json">
      <Filter>resources\styles\pearl</Filter>
    </None>
    <None Include="..\..\resources\styles\pearl\window.json">
      <Filter>resources\styles\pearl</Filter>
    </None>
    <None Include="..\..\src\device\clipboard_cocoa.mm">
      <Filter>berialdraw\device\cocoa</Filter>
    </None>
    <None Include="..\..\src\device\device_cocoa.mm">
      <Filter>berialdraw\device\cocoa</Filter>
    </None>
    <None Include="..\..\resources\styles\test\checkbox.json">
      <Filter>resources\styles\test</Filter>
    </None>
    <None Include="..\..\resources\styles\test\radio.json">
      <Filter>resources\styles\test</Filter>
    </None>
    <None Include="..\..\resources\styles\pearl\checkbox.json">
      <Filter>resources\styles\pearl</Filter>
    </None>
    <None Include="..\..\resources\styles\pearl\radio.json">
      <Filter>resources\styles\pearl</Filter>
    </None>
    <None Include="..\..\resources\styles\pearl\table_view.json">
      <Filter>resources\styles\pearl</Filter>
    </None>
    <None Include="..\..\resources\styles\test\table_view.json">
      <Filter>resources\styles\test</Filter>
    </None>
  </ItemGroup>
  <ItemGroup>
    <Font Include="..\..\resources\fonts\Berial.ttf">
      <Filter>resources\fonts</Filter>
    </Font>
    <Font Include="..\..\resources\fonts\Berial-Bold.ttf">
      <Filter>resources\fonts</Filter>
    </Font>
  </ItemGroup>
  <ItemGroup>
    <ResourceCompile Include="..\..\external\freetype\src\base\ftver.rc">
      <Filter>external\freetype\base</Filter>
    </ResourceCompile>
  </ItemGroup>
</Project>